// !$*UTF8*$!
{
	archiveVersion = 1;
	classes = {
	};
	objectVersion = 50;
	objects = {

/* Begin PBXBuildFile section */
		31681654219687F40099CD33 /* NSArray+Crash.m in Sources */ = {isa = PBXBuildFile; fileRef = 31681653219687F40099CD33 /* NSArray+Crash.m */; };
		319310A321957C9900097733 /* AppDelegate.m in Sources */ = {isa = PBXBuildFile; fileRef = 319310A221957C9900097733 /* AppDelegate.m */; };
		319310A621957C9900097733 /* ViewController.m in Sources */ = {isa = PBXBuildFile; fileRef = 319310A521957C9900097733 /* ViewController.m */; };
		319310A921957C9900097733 /* Main.storyboard in Resources */ = {isa = PBXBuildFile; fileRef = 319310A721957C9900097733 /* Main.storyboard */; };
		319310AB21957C9C00097733 /* Assets.xcassets in Resources */ = {isa = PBXBuildFile; fileRef = 319310AA21957C9C00097733 /* Assets.xcassets */; };
		319310AE21957C9C00097733 /* LaunchScreen.storyboard in Resources */ = {isa = PBXBuildFile; fileRef = 319310AC21957C9C00097733 /* LaunchScreen.storyboard */; };
		319310B121957C9D00097733 /* main.m in Sources */ = {isa = PBXBuildFile; fileRef = 319310B021957C9D00097733 /* main.m */; };
		319310BB21957C9D00097733 /* Runtime_use_01Tests.m in Sources */ = {isa = PBXBuildFile; fileRef = 319310BA21957C9D00097733 /* Runtime_use_01Tests.m */; };
		319310C621957C9D00097733 /* Runtime_use_01UITests.m in Sources */ = {isa = PBXBuildFile; fileRef = 319310C521957C9D00097733 /* Runtime_use_01UITests.m */; };
		319310D52195810700097733 /* UIViewController+Hook.m in Sources */ = {isa = PBXBuildFile; fileRef = 319310D42195810700097733 /* UIViewController+Hook.m */; };
/* End PBXBuildFile section */

/* Begin PBXContainerItemProxy section */
		319310B721957C9D00097733 /* PBXContainerItemProxy */ = {
			isa = PBXContainerItemProxy;
			containerPortal = 3193109621957C9900097733 /* Project object */;
			proxyType = 1;
			remoteGlobalIDString = 3193109D21957C9900097733;
			remoteInfo = Runtime_use_01;
		};
		319310C221957C9D00097733 /* PBXContainerItemProxy */ = {
			isa = PBXContainerItemProxy;
			containerPortal = 3193109621957C9900097733 /* Project object */;
			proxyType = 1;
			remoteGlobalIDString = 3193109D21957C9900097733;
			remoteInfo = Runtime_use_01;
		};
/* End PBXContainerItemProxy section */

/* Begin PBXFileReference section */
		31681652219687F40099CD33 /* NSArray+Crash.h */ = {isa = PBXFileReference; lastKnownFileType = sourcecode.c.h; path = "NSArray+Crash.h"; sourceTree = "<group>"; };
		31681653219687F40099CD33 /* NSArray+Crash.m */ = {isa = PBXFileReference; lastKnownFileType = sourcecode.c.objc; path = "NSArray+Crash.m"; sourceTree = "<group>"; };
		3193109E21957C9900097733 /* Runtime_use_01.app */ = {isa = PBXFileReference; explicitFileType = wrapper.application; includeInIndex = 0; path = Runtime_use_01.app; sourceTree = BUILT_PRODUCTS_DIR; };
		319310A121957C9900097733 /* AppDelegate.h */ = {isa = PBXFileReference; lastKnownFileType = sourcecode.c.h; path = AppDelegate.h; sourceTree = "<group>"; };
		319310A221957C9900097733 /* AppDelegate.m */ = {isa = PBXFileReference; lastKnownFileType = sourcecode.c.objc; path = AppDelegate.m; sourceTree = "<group>"; };
		319310A421957C9900097733 /* ViewController.h */ = {isa = PBXFileReference; lastKnownFileType = sourcecode.c.h; path = ViewController.h; sourceTree = "<group>"; };
		319310A521957C9900097733 /* ViewController.m */ = {isa = PBXFileReference; lastKnownFileType = sourcecode.c.objc; path = ViewController.m; sourceTree = "<group>"; };
		319310A821957C9900097733 /* Base */ = {isa = PBXFileReference; lastKnownFileType = file.storyboard; name = Base; path = Base.lproj/Main.storyboard; sourceTree = "<group>"; };
		319310AA21957C9C00097733 /* Assets.xcassets */ = {isa = PBXFileReference; lastKnownFileType = folder.assetcatalog; path = Assets.xcassets; sourceTree = "<group>"; };
		319310AD21957C9C00097733 /* Base */ = {isa = PBXFileReference; lastKnownFileType = file.storyboard; name = Base; path = Base.lproj/LaunchScreen.storyboard; sourceTree = "<group>"; };
		319310AF21957C9D00097733 /* Info.plist */ = {isa = PBXFileReference; lastKnownFileType = text.plist.xml; path = Info.plist; sourceTree = "<group>"; };
		319310B021957C9D00097733 /* main.m */ = {isa = PBXFileReference; lastKnownFileType = sourcecode.c.objc; path = main.m; sourceTree = "<group>"; };
		319310B621957C9D00097733 /* Runtime_use_01Tests.xctest */ = {isa = PBXFileReference; explicitFileType = wrapper.cfbundle; includeInIndex = 0; path = Runtime_use_01Tests.xctest; sourceTree = BUILT_PRODUCTS_DIR; };
		319310BA21957C9D00097733 /* Runtime_use_01Tests.m */ = {isa = PBXFileReference; lastKnownFileType = sourcecode.c.objc; path = Runtime_use_01Tests.m; sourceTree = "<group>"; };
		319310BC21957C9D00097733 /* Info.plist */ = {isa = PBXFileReference; lastKnownFileType = text.plist.xml; path = Info.plist; sourceTree = "<group>"; };
		319310C121957C9D00097733 /* Runtime_use_01UITests.xctest */ = {isa = PBXFileReference; explicitFileType = wrapper.cfbundle; includeInIndex = 0; path = Runtime_use_01UITests.xctest; sourceTree = BUILT_PRODUCTS_DIR; };
		319310C521957C9D00097733 /* Runtime_use_01UITests.m */ = {isa = PBXFileReference; lastKnownFileType = sourcecode.c.objc; path = Runtime_use_01UITests.m; sourceTree = "<group>"; };
		319310C721957C9D00097733 /* Info.plist */ = {isa = PBXFileReference; lastKnownFileType = text.plist.xml; path = Info.plist; sourceTree = "<group>"; };
		319310D32195810700097733 /* UIViewController+Hook.h */ = {isa = PBXFileReference; lastKnownFileType = sourcecode.c.h; path = "UIViewController+Hook.h"; sourceTree = "<group>"; };
		319310D42195810700097733 /* UIViewController+Hook.m */ = {isa = PBXFileReference; lastKnownFileType = sourcecode.c.objc; path = "UIViewController+Hook.m"; sourceTree = "<group>"; };
/* End PBXFileReference section */

/* Begin PBXFrameworksBuildPhase section */
		3193109B21957C9900097733 /* Frameworks */ = {
			isa = PBXFrameworksBuildPhase;
			buildActionMask = 2147483647;
			files = (
			);
			runOnlyForDeploymentPostprocessing = 0;
		};
		319310B321957C9D00097733 /* Frameworks */ = {
			isa = PBXFrameworksBuildPhase;
			buildActionMask = 2147483647;
			files = (
			);
			runOnlyForDeploymentPostprocessing = 0;
		};
		319310BE21957C9D00097733 /* Frameworks */ = {
			isa = PBXFrameworksBuildPhase;
			buildActionMask = 2147483647;
			files = (
			);
			runOnlyForDeploymentPostprocessing = 0;
		};
/* End PBXFrameworksBuildPhase section */

/* Begin PBXGroup section */
		3193109521957C9900097733 = {
			isa = PBXGroup;
			children = (
				319310A021957C9900097733 /* Runtime_use_01 */,
				319310B921957C9D00097733 /* Runtime_use_01Tests */,
				319310C421957C9D00097733 /* Runtime_use_01UITests */,
				3193109F21957C9900097733 /* Products */,
			);
			sourceTree = "<group>";
		};
		3193109F21957C9900097733 /* Products */ = {
			isa = PBXGroup;
			children = (
				3193109E21957C9900097733 /* Runtime_use_01.app */,
				319310B621957C9D00097733 /* Runtime_use_01Tests.xctest */,
				319310C121957C9D00097733 /* Runtime_use_01UITests.xctest */,
			);
			name = Products;
			sourceTree = "<group>";
		};
		319310A021957C9900097733 /* Runtime_use_01 */ = {
			isa = PBXGroup;
			children = (
				319310A121957C9900097733 /* AppDelegate.h */,
				319310A221957C9900097733 /* AppDelegate.m */,
				319310A421957C9900097733 /* ViewController.h */,
				319310A521957C9900097733 /* ViewController.m */,
				319310D32195810700097733 /* UIViewController+Hook.h */,
				319310D42195810700097733 /* UIViewController+Hook.m */,
				31681652219687F40099CD33 /* NSArray+Crash.h */,
				31681653219687F40099CD33 /* NSArray+Crash.m */,
				319310A721957C9900097733 /* Main.storyboard */,
				319310AA21957C9C00097733 /* Assets.xcassets */,
				319310AC21957C9C00097733 /* LaunchScreen.storyboard */,
				319310AF21957C9D00097733 /* Info.plist */,
				319310B021957C9D00097733 /* main.m */,
			);
			path = Runtime_use_01;
			sourceTree = "<group>";
		};
		319310B921957C9D00097733 /* Runtime_use_01Tests */ = {
			isa = PBXGroup;
			children = (
				319310BA21957C9D00097733 /* Runtime_use_01Tests.m */,
				319310BC21957C9D00097733 /* Info.plist */,
			);
			path = Runtime_use_01Tests;
			sourceTree = "<group>";
		};
		319310C421957C9D00097733 /* Runtime_use_01UITests */ = {
			isa = PBXGroup;
			children = (
				319310C521957C9D00097733 /* Runtime_use_01UITests.m */,
				319310C721957C9D00097733 /* Info.plist */,
			);
			path = Runtime_use_01UITests;
			sourceTree = "<group>";
		};
/* End PBXGroup section */

/* Begin PBXNativeTarget section */
		3193109D21957C9900097733 /* Runtime_use_01 */ = {
			isa = PBXNativeTarget;
			buildConfigurationList = 319310CA21957C9D00097733 /* Build configuration list for PBXNativeTarget "Runtime_use_01" */;
			buildPhases = (
				3193109A21957C9900097733 /* Sources */,
				3193109B21957C9900097733 /* Frameworks */,
				3193109C21957C9900097733 /* Resources */,
			);
			buildRules = (
			);
			dependencies = (
			);
			name = Runtime_use_01;
			productName = Runtime_use_01;
			productReference = 3193109E21957C9900097733 /* Runtime_use_01.app */;
			productType = "com.apple.product-type.application";
		};
		319310B521957C9D00097733 /* Runtime_use_01Tests */ = {
			isa = PBXNativeTarget;
			buildConfigurationList = 319310CD21957C9D00097733 /* Build configuration list for PBXNativeTarget "Runtime_use_01Tests" */;
			buildPhases = (
				319310B221957C9D00097733 /* Sources */,
				319310B321957C9D00097733 /* Frameworks */,
				319310B421957C9D00097733 /* Resources */,
			);
			buildRules = (
			);
			dependencies = (
				319310B821957C9D00097733 /* PBXTargetDependency */,
			);
			name = Runtime_use_01Tests;
			productName = Runtime_use_01Tests;
			productReference = 319310B621957C9D00097733 /* Runtime_use_01Tests.xctest */;
			productType = "com.apple.product-type.bundle.unit-test";
		};
		319310C021957C9D00097733 /* Runtime_use_01UITests */ = {
			isa = PBXNativeTarget;
			buildConfigurationList = 319310D021957C9D00097733 /* Build configuration list for PBXNativeTarget "Runtime_use_01UITests" */;
			buildPhases = (
				319310BD21957C9D00097733 /* Sources */,
				319310BE21957C9D00097733 /* Frameworks */,
				319310BF21957C9D00097733 /* Resources */,
			);
			buildRules = (
			);
			dependencies = (
				319310C321957C9D00097733 /* PBXTargetDependency */,
			);
			name = Runtime_use_01UITests;
			productName = Runtime_use_01UITests;
			productReference = 319310C121957C9D00097733 /* Runtime_use_01UITests.xctest */;
			productType = "com.apple.product-type.bundle.ui-testing";
		};
/* End PBXNativeTarget section */

/* Begin PBXProject section */
		3193109621957C9900097733 /* Project object */ = {
			isa = PBXProject;
			attributes = {
				LastUpgradeCheck = 1010;
				ORGANIZATIONNAME = "项正强";
				TargetAttributes = {
					3193109D21957C9900097733 = {
						CreatedOnToolsVersion = 10.1;
					};
					319310B521957C9D00097733 = {
						CreatedOnToolsVersion = 10.1;
						TestTargetID = 3193109D21957C9900097733;
					};
					319310C021957C9D00097733 = {
						CreatedOnToolsVersion = 10.1;
						TestTargetID = 3193109D21957C9900097733;
					};
				};
			};
			buildConfigurationList = 3193109921957C9900097733 /* Build configuration list for PBXProject "Runtime_use_01" */;
			compatibilityVersion = "Xcode 9.3";
			developmentRegion = en;
			hasScannedForEncodings = 0;
			knownRegions = (
				en,
				Base,
			);
			mainGroup = 3193109521957C9900097733;
			productRefGroup = 3193109F21957C9900097733 /* Products */;
			projectDirPath = "";
			projectRoot = "";
			targets = (
				3193109D21957C9900097733 /* Runtime_use_01 */,
				319310B521957C9D00097733 /* Runtime_use_01Tests */,
				319310C021957C9D00097733 /* Runtime_use_01UITests */,
			);
		};
/* End PBXProject section */

/* Begin PBXResourcesBuildPhase section */
		3193109C21957C9900097733 /* Resources */ = {
			isa = PBXResourcesBuildPhase;
			buildActionMask = 2147483647;
			files = (
				319310AE21957C9C00097733 /* LaunchScreen.storyboard in Resources */,
				319310AB21957C9C00097733 /* Assets.xcassets in Resources */,
				319310A921957C9900097733 /* Main.storyboard in Resources */,
			);
			runOnlyForDeploymentPostprocessing = 0;
		};
		319310B421957C9D00097733 /* Resources */ = {
			isa = PBXResourcesBuildPhase;
			buildActionMask = 2147483647;
			files = (
			);
			runOnlyForDeploymentPostprocessing = 0;
		};
		319310BF21957C9D00097733 /* Resources */ = {
			isa = PBXResourcesBuildPhase;
			buildActionMask = 2147483647;
			files = (
			);
			runOnlyForDeploymentPostprocessing = 0;
		};
/* End PBXResourcesBuildPhase section */

/* Begin PBXSourcesBuildPhase section */
		3193109A21957C9900097733 /* Sources */ = {
			isa = PBXSourcesBuildPhase;
			buildActionMask = 2147483647;
			files = (
				319310A621957C9900097733 /* ViewController.m in Sources */,
				319310B121957C9D00097733 /* main.m in Sources */,
				319310A321957C9900097733 /* AppDelegate.m in Sources */,
				319310D52195810700097733 /* UIViewController+Hook.m in Sources */,
				31681654219687F40099CD33 /* NSArray+Crash.m in Sources */,
			);
			runOnlyForDeploymentPostprocessing = 0;
		};
		319310B221957C9D00097733 /* Sources */ = {
			isa = PBXSourcesBuildPhase;
			buildActionMask = 2147483647;
			files = (
				319310BB21957C9D00097733 /* Runtime_use_01Tests.m in Sources */,
			);
			runOnlyForDeploymentPostprocessing = 0;
		};
		319310BD21957C9D00097733 /* Sources */ = {
			isa = PBXSourcesBuildPhase;
			buildActionMask = 2147483647;
			files = (
				319310C621957C9D00097733 /* Runtime_use_01UITests.m in Sources */,
			);
			runOnlyForDeploymentPostprocessing = 0;
		};
/* End PBXSourcesBuildPhase section */

/* Begin PBXTargetDependency section */
		319310B821957C9D00097733 /* PBXTargetDependency */ = {
			isa = PBXTargetDependency;
			target = 3193109D21957C9900097733 /* Runtime_use_01 */;
			targetProxy = 319310B721957C9D00097733 /* PBXContainerItemProxy */;
		};
		319310C321957C9D00097733 /* PBXTargetDependency */ = {
			isa = PBXTargetDependency;
			target = 3193109D21957C9900097733 /* Runtime_use_01 */;
			targetProxy = 319310C221957C9D00097733 /* PBXContainerItemProxy */;
		};
/* End PBXTargetDependency section */

/* Begin PBXVariantGroup section */
		319310A721957C9900097733 /* Main.storyboard */ = {
			isa = PBXVariantGroup;
			children = (
				319310A821957C9900097733 /* Base */,
			);
			name = Main.storyboard;
			sourceTree = "<group>";
		};
		319310AC21957C9C00097733 /* LaunchScreen.storyboard */ = {
			isa = PBXVariantGroup;
			children = (
				319310AD21957C9C00097733 /* Base */,
			);
			name = LaunchScreen.storyboard;
			sourceTree = "<group>";
		};
/* End PBXVariantGroup section */

/* Begin XCBuildConfiguration section */
		319310C821957C9D00097733 /* Debug */ = {
			isa = XCBuildConfiguration;
			buildSettings = {
				ALWAYS_SEARCH_USER_PATHS = NO;
				CLANG_ANALYZER_NONNULL = YES;
				CLANG_ANALYZER_NUMBER_OBJECT_CONVERSION = YES_AGGRESSIVE;
				CLANG_CXX_LANGUAGE_STANDARD = "gnu++14";
				CLANG_CXX_LIBRARY = "libc++";
				CLANG_ENABLE_MODULES = YES;
				CLANG_ENABLE_OBJC_ARC = YES;
				CLANG_ENABLE_OBJC_WEAK = YES;
				CLANG_WARN_BLOCK_CAPTURE_AUTORELEASING = YES;
				CLANG_WARN_BOOL_CONVERSION = YES;
				CLANG_WARN_COMMA = YES;
				CLANG_WARN_CONSTANT_CONVERSION = YES;
				CLANG_WARN_DEPRECATED_OBJC_IMPLEMENTATIONS = YES;
				CLANG_WARN_DIRECT_OBJC_ISA_USAGE = YES_ERROR;
				CLANG_WARN_DOCUMENTATION_COMMENTS = YES;
				CLANG_WARN_EMPTY_BODY = YES;
				CLANG_WARN_ENUM_CONVERSION = YES;
				CLANG_WARN_INFINITE_RECURSION = YES;
				CLANG_WARN_INT_CONVERSION = YES;
				CLANG_WARN_NON_LITERAL_NULL_CONVERSION = YES;
				CLANG_WARN_OBJC_IMPLICIT_RETAIN_SELF = YES;
				CLANG_WARN_OBJC_LITERAL_CONVERSION = YES;
				CLANG_WARN_OBJC_ROOT_CLASS = YES_ERROR;
				CLANG_WARN_RANGE_LOOP_ANALYSIS = YES;
				CLANG_WARN_STRICT_PROTOTYPES = YES;
				CLANG_WARN_SUSPICIOUS_MOVE = YES;
				CLANG_WARN_UNGUARDED_AVAILABILITY = YES_AGGRESSIVE;
				CLANG_WARN_UNREACHABLE_CODE = YES;
				CLANG_WARN__DUPLICATE_METHOD_MATCH = YES;
				CODE_SIGN_IDENTITY = "iPhone Developer";
				COPY_PHASE_STRIP = NO;
				DEBUG_INFORMATION_FORMAT = dwarf;
				ENABLE_STRICT_OBJC_MSGSEND = YES;
				ENABLE_TESTABILITY = YES;
				GCC_C_LANGUAGE_STANDARD = gnu11;
				GCC_DYNAMIC_NO_PIC = NO;
				GCC_NO_COMMON_BLOCKS = YES;
				GCC_OPTIMIZATION_LEVEL = 0;
				GCC_PREPROCESSOR_DEFINITIONS = (
					"DEBUG=1",
					"$(inherited)",
				);
				GCC_WARN_64_TO_32_BIT_CONVERSION = YES;
				GCC_WARN_ABOUT_RETURN_TYPE = YES_ERROR;
				GCC_WARN_UNDECLARED_SELECTOR = YES;
				GCC_WARN_UNINITIALIZED_AUTOS = YES_AGGRESSIVE;
				GCC_WARN_UNUSED_FUNCTION = YES;
				GCC_WARN_UNUSED_VARIABLE = YES;
				IPHONEOS_DEPLOYMENT_TARGET = 12.1;
				MTL_ENABLE_DEBUG_INFO = INCLUDE_SOURCE;
				MTL_FAST_MATH = YES;
				ONLY_ACTIVE_ARCH = YES;
				SDKROOT = iphoneos;
			};
			name = Debug;
		};
		319310C921957C9D00097733 /* Release */ = {
			isa = XCBuildConfiguration;
			buildSettings = {
				ALWAYS_SEARCH_USER_PATHS = NO;
				CLANG_ANALYZER_NONNULL = YES;
				CLANG_ANALYZER_NUMBER_OBJECT_CONVERSION = YES_AGGRESSIVE;
				CLANG_CXX_LANGUAGE_STANDARD = "gnu++14";
				CLANG_CXX_LIBRARY = "libc++";
				CLANG_ENABLE_MODULES = YES;
				CLANG_ENABLE_OBJC_ARC = YES;
				CLANG_ENABLE_OBJC_WEAK = YES;
				CLANG_WARN_BLOCK_CAPTURE_AUTORELEASING = YES;
				CLANG_WARN_BOOL_CONVERSION = YES;
				CLANG_WARN_COMMA = YES;
				CLANG_WARN_CONSTANT_CONVERSION = YES;
				CLANG_WARN_DEPRECATED_OBJC_IMPLEMENTATIONS = YES;
				CLANG_WARN_DIRECT_OBJC_ISA_USAGE = YES_ERROR;
				CLANG_WARN_DOCUMENTATION_COMMENTS = YES;
				CLANG_WARN_EMPTY_BODY = YES;
				CLANG_WARN_ENUM_CONVERSION = YES;
				CLANG_WARN_INFINITE_RECURSION = YES;
				CLANG_WARN_INT_CONVERSION = YES;
				CLANG_WARN_NON_LITERAL_NULL_CONVERSION = YES;
				CLANG_WARN_OBJC_IMPLICIT_RETAIN_SELF = YES;
				CLANG_WARN_OBJC_LITERAL_CONVERSION = YES;
				CLANG_WARN_OBJC_ROOT_CLASS = YES_ERROR;
				CLANG_WARN_RANGE_LOOP_ANALYSIS = YES;
				CLANG_WARN_STRICT_PROTOTYPES = YES;
				CLANG_WARN_SUSPICIOUS_MOVE = YES;
				CLANG_WARN_UNGUARDED_AVAILABILITY = YES_AGGRESSIVE;
				CLANG_WARN_UNREACHABLE_CODE = YES;
				CLANG_WARN__DUPLICATE_METHOD_MATCH = YES;
				CODE_SIGN_IDENTITY = "iPhone Developer";
				COPY_PHASE_STRIP = NO;
				DEBUG_INFORMATION_FORMAT = "dwarf-with-dsym";
				ENABLE_NS_ASSERTIONS = NO;
				ENABLE_STRICT_OBJC_MSGSEND = YES;
				GCC_C_LANGUAGE_STANDARD = gnu11;
				GCC_NO_COMMON_BLOCKS = YES;
				GCC_WARN_64_TO_32_BIT_CONVERSION = YES;
				GCC_WARN_ABOUT_RETURN_TYPE = YES_ERROR;
				GCC_WARN_UNDECLARED_SELECTOR = YES;
				GCC_WARN_UNINITIALIZED_AUTOS = YES_AGGRESSIVE;
				GCC_WARN_UNUSED_FUNCTION = YES;
				GCC_WARN_UNUSED_VARIABLE = YES;
				IPHONEOS_DEPLOYMENT_TARGET = 12.1;
				MTL_ENABLE_DEBUG_INFO = NO;
				MTL_FAST_MATH = YES;
				SDKROOT = iphoneos;
				VALIDATE_PRODUCT = YES;
			};
			name = Release;
		};
		319310CB21957C9D00097733 /* Debug */ = {
			isa = XCBuildConfiguration;
			buildSettings = {
				ASSETCATALOG_COMPILER_APPICON_NAME = AppIcon;
				CODE_SIGN_STYLE = Automatic;
				DEVELOPMENT_TEAM = AQNXJ36MH6;
				INFOPLIST_FILE = Runtime_use_01/Info.plist;
				LD_RUNPATH_SEARCH_PATHS = (
					"$(inherited)",
					"@executable_path/Frameworks",
				);
				PRODUCT_BUNDLE_IDENTIFIER = "xzq.Runtime-use-01";
				PRODUCT_NAME = "$(TARGET_NAME)";
				TARGETED_DEVICE_FAMILY = "1,2";
			};
			name = Debug;
		};
		319310CC21957C9D00097733 /* Release */ = {
			isa = XCBuildConfiguration;
			buildSettings = {
				ASSETCATALOG_COMPILER_APPICON_NAME = AppIcon;
				CODE_SIGN_STYLE = Automatic;
				DEVELOPMENT_TEAM = AQNXJ36MH6;
				INFOPLIST_FILE = Runtime_use_01/Info.plist;
				LD_RUNPATH_SEARCH_PATHS = (
					"$(inherited)",
					"@executable_path/Frameworks",
				);
				PRODUCT_BUNDLE_IDENTIFIER = "xzq.Runtime-use-01";
				PRODUCT_NAME = "$(TARGET_NAME)";
				TARGETED_DEVICE_FAMILY = "1,2";
			};
			name = Release;
		};
		319310CE21957C9D00097733 /* Debug */ = {
			isa = XCBuildConfiguration;
			buildSettings = {
				BUNDLE_LOADER = "$(TEST_HOST)";
				CODE_SIGN_STYLE = Automatic;
				DEVELOPMENT_TEAM = AQNXJ36MH6;
				INFOPLIST_FILE = Runtime_use_01Tests/Info.plist;
				LD_RUNPATH_SEARCH_PATHS = (
					"$(inherited)",
					"@executable_path/Frameworks",
					"@loader_path/Frameworks",
				);
				PRODUCT_BUNDLE_IDENTIFIER = "xzq.Runtime-use-01Tests";
				PRODUCT_NAME = "$(TARGET_NAME)";
				TARGETED_DEVICE_FAMILY = "1,2";
				TEST_HOST = "$(BUILT_PRODUCTS_DIR)/Runtime_use_01.app/Runtime_use_01";
			};
			name = Debug;
		};
		319310CF21957C9D00097733 /* Release */ = {
			isa = XCBuildConfiguration;
			buildSettings = {
				BUNDLE_LOADER = "$(TEST_HOST)";
				CODE_SIGN_STYLE = Automatic;
				DEVELOPMENT_TEAM = AQNXJ36MH6;
				INFOPLIST_FILE = Runtime_use_01Tests/Info.plist;
				LD_RUNPATH_SEARCH_PATHS = (
					"$(inherited)",
					"@executable_path/Frameworks",
					"@loader_path/Frameworks",
				);
				PRODUCT_BUNDLE_IDENTIFIER = "xzq.Runtime-use-01Tests";
				PRODUCT_NAME = "$(TARGET_NAME)";
				TARGETED_DEVICE_FAMILY = "1,2";
				TEST_HOST = "$(BUILT_PRODUCTS_DIR)/Runtime_use_01.app/Runtime_use_01";
			};
			name = Release;
		};
		319310D121957C9D00097733 /* Debug */ = {
			isa = XCBuildConfiguration;
			buildSettings = {
				CODE_SIGN_STYLE = Automatic;
				DEVELOPMENT_TEAM = AQNXJ36MH6;
				INFOPLIST_FILE = Runtime_use_01UITests/Info.plist;
				LD_RUNPATH_SEARCH_PATHS = (
					"$(inherited)",
					"@executable_path/Frameworks",
					"@loader_path/Frameworks",
				);
				PRODUCT_BUNDLE_IDENTIFIER = "xzq.Runtime-use-01UITests";
				PRODUCT_NAME = "$(TARGET_NAME)";
				TARGETED_DEVICE_FAMILY = "1,2";
				TEST_TARGET_NAME = Runtime_use_01;
			};
			name = Debug;
		};
		319310D221957C9D00097733 /* Release */ = {
			isa = XCBuildConfiguration;
			buildSettings = {
				CODE_SIGN_STYLE = Automatic;
				DEVELOPMENT_TEAM = AQNXJ36MH6;
				INFOPLIST_FILE = Runtime_use_01UITests/Info.plist;
				LD_RUNPATH_SEARCH_PATHS = (
					"$(inherited)",
					"@executable_path/Frameworks",
					"@loader_path/Frameworks",
				);
				PRODUCT_BUNDLE_IDENTIFIER = "xzq.Runtime-use-01UITests";
				PRODUCT_NAME = "$(TARGET_NAME)";
				TARGETED_DEVICE_FAMILY = "1,2";
				TEST_TARGET_NAME = Runtime_use_01;
			};
			name = Release;
		};
/* End XCBuildConfiguration section */

/* Begin XCConfigurationList section */
		3193109921957C9900097733 /* Build configuration list for PBXProject "Runtime_use_01" */ = {
			isa = XCConfigurationList;
			buildConfigurations = (
				319310C821957C9D00097733 /* Debug */,
				319310C921957C9D00097733 /* Release */,
			);
			defaultConfigurationIsVisible = 0;
			defaultConfigurationName = Release;
		};
		319310CA21957C9D00097733 /* Build configuration list for PBXNativeTarget "Runtime_use_01" */ = {
			isa = XCConfigurationList;
			buildConfigurations = (
				319310CB21957C9D00097733 /* Debug */,
				319310CC21957C9D00097733 /* Release */,
			);
			defaultConfigurationIsVisible = 0;
			defaultConfigurationName = Release;
		};
		319310CD21957C9D00097733 /* Build configuration list for PBXNativeTarget "Runtime_use_01Tests" */ = {
			isa = XCConfigurationList;
			buildConfigurations = (
				319310CE21957C9D00097733 /* Debug */,
				319310CF21957C9D00097733 /* Release */,
			);
			defaultConfigurationIsVisible = 0;
			defaultConfigurationName = Release;
		};
		319310D021957C9D00097733 /* Build configuration list for PBXNativeTarget "Runtime_use_01UITests" */ = {
			isa = XCConfigurationList;
			buildConfigurations = (
				319310D121957C9D00097733 /* Debug */,
				319310D221957C9D00097733 /* Release */,
			);
			defaultConfigurationIsVisible = 0;
			defaultConfigurationName = Release;
		};
/* End XCConfigurationList section */
	};
	rootObject = 3193109621957C9900097733 /* Project object */;
}
